# This file is automatically @generated by Cargo.
# It is not intended for manual editing.
[[package]]
name = "needleman_wunsch"
version = "0.1.0"
dependencies = [
 "simple-matrix",
]

[[package]]
name = "simple-matrix"
version = "0.1.2"
source = "registry+https://github.com/rust-lang/crates.io-index"
checksum = "6927a3d2ea606d10c38c7b923e108e29a2f47ca287e1cb707fa898ce4d58aa7c"
